
Microsoft Visual Studio Solution File, Format Version 12.00
# Visual Studio 2012
VisualStudioVersion = 14.0.25123.0
MinimumVisualStudioVersion = 10.0.40219.1
Project("{FAE04EC0-301F-11D3-BF4B-00C04F79EFBC}") = "HelloWorld_Android", "HelloWorld_Android\HelloWorld_Android.csproj", "{CAD21022-5776-4DC8-B209-CE13E090C54B}"
EndProject
Project("{FAE04EC0-301F-11D3-BF4B-00C04F79EFBC}") = "HelloWorld_iOS", "HelloWorld_iOS\HelloWorld_iOS.csproj", "{E70D51CB-EB69-4B6E-AECF-5B1DBBA78AD5}"
EndProject
Project("{FAE04EC0-301F-11D3-BF4B-00C04F79EFBC}") = "HelloWorld_Windows", "HelloWorld_Windows\HelloWorld_Windows.csproj", "{8FB72CDD-FDC8-4CC3-A004-E2A7BE4435FB}"
EndProject
Project("{FAE04EC0-301F-11D3-BF4B-00C04F79EFBC}") = "HelloWorld_Mac", "HelloWorld_Mac\HelloWorld_Mac.csproj", "{A4370651-CD9A-4844-A5C4-B72151244B8E}"
EndProject
Global
	GlobalSection(SolutionConfigurationPlatforms) = preSolution
		Ad-Hoc|Any CPU = Ad-Hoc|Any CPU
		Ad-Hoc|ARM = Ad-Hoc|ARM
		Ad-Hoc|iPhone = Ad-Hoc|iPhone
		Ad-Hoc|iPhoneSimulator = Ad-Hoc|iPhoneSimulator
		Ad-Hoc|x64 = Ad-Hoc|x64
		Ad-Hoc|x86 = Ad-Hoc|x86
		AppStore|Any CPU = AppStore|Any CPU
		AppStore|ARM = AppStore|ARM
		AppStore|iPhone = AppStore|iPhone
		AppStore|iPhoneSimulator = AppStore|iPhoneSimulator
		AppStore|x64 = AppStore|x64
		AppStore|x86 = AppStore|x86
		Debug|Any CPU = Debug|Any CPU
		Debug|ARM = Debug|ARM
		Debug|iPhone = Debug|iPhone
		Debug|iPhoneSimulator = Debug|iPhoneSimulator
		Debug|x64 = Debug|x64
		Debug|x86 = Debug|x86
		Release|Any CPU = Release|Any CPU
		Release|ARM = Release|ARM
		Release|iPhone = Release|iPhone
		Release|iPhoneSimulator = Release|iPhoneSimulator
		Release|x64 = Release|x64
		Release|x86 = Release|x86
	EndGlobalSection
	GlobalSection(ProjectConfigurationPlatforms) = postSolution
		{8FB72CDD-FDC8-4CC3-A004-E2A7BE4435FB}.Ad-Hoc|Any CPU.ActiveCfg = Release|x64
		{8FB72CDD-FDC8-4CC3-A004-E2A7BE4435FB}.Ad-Hoc|Any CPU.Build.0 = Release|x64
		{8FB72CDD-FDC8-4CC3-A004-E2A7BE4435FB}.Ad-Hoc|Any CPU.Deploy.0 = Release|x64
		{8FB72CDD-FDC8-4CC3-A004-E2A7BE4435FB}.Ad-Hoc|ARM.ActiveCfg = Release|ARM
		{8FB72CDD-FDC8-4CC3-A004-E2A7BE4435FB}.Ad-Hoc|ARM.Build.0 = Release|ARM
		{8FB72CDD-FDC8-4CC3-A004-E2A7BE4435FB}.Ad-Hoc|ARM.Deploy.0 = Release|ARM
		{8FB72CDD-FDC8-4CC3-A004-E2A7BE4435FB}.Ad-Hoc|iPhone.ActiveCfg = Release|x64
		{8FB72CDD-FDC8-4CC3-A004-E2A7BE4435FB}.Ad-Hoc|iPhone.Build.0 = Release|x64
		{8FB72CDD-FDC8-4CC3-A004-E2A7BE4435FB}.Ad-Hoc|iPhone.Deploy.0 = Release|x64
		{8FB72CDD-FDC8-4CC3-A004-E2A7BE4435FB}.Ad-Hoc|iPhoneSimulator.ActiveCfg = Release|x64
		{8FB72CDD-FDC8-4CC3-A004-E2A7BE4435FB}.Ad-Hoc|iPhoneSimulator.Build.0 = Release|x64
		{8FB72CDD-FDC8-4CC3-A004-E2A7BE4435FB}.Ad-Hoc|iPhoneSimulator.Deploy.0 = Release|x64
		{8FB72CDD-FDC8-4CC3-A004-E2A7BE4435FB}.Ad-Hoc|x64.ActiveCfg = Release|x64
		{8FB72CDD-FDC8-4CC3-A004-E2A7BE4435FB}.Ad-Hoc|x64.Build.0 = Release|x64
		{8FB72CDD-FDC8-4CC3-A004-E2A7BE4435FB}.Ad-Hoc|x64.Deploy.0 = Release|x64
		{8FB72CDD-FDC8-4CC3-A004-E2A7BE4435FB}.Ad-Hoc|x86.ActiveCfg = Release|x86
		{8FB72CDD-FDC8-4CC3-A004-E2A7BE4435FB}.Ad-Hoc|x86.Build.0 = Release|x86
		{8FB72CDD-FDC8-4CC3-A004-E2A7BE4435FB}.Ad-Hoc|x86.Deploy.0 = Release|x86
		{8FB72CDD-FDC8-4CC3-A004-E2A7BE4435FB}.AppStore|Any CPU.ActiveCfg = Release|x64
		{8FB72CDD-FDC8-4CC3-A004-E2A7BE4435FB}.AppStore|Any CPU.Build.0 = Release|x64
		{8FB72CDD-FDC8-4CC3-A004-E2A7BE4435FB}.AppStore|Any CPU.Deploy.0 = Release|x64
		{8FB72CDD-FDC8-4CC3-A004-E2A7BE4435FB}.AppStore|ARM.ActiveCfg = Release|ARM
		{8FB72CDD-FDC8-4CC3-A004-E2A7BE4435FB}.AppStore|ARM.Build.0 = Release|ARM
		{8FB72CDD-FDC8-4CC3-A004-E2A7BE4435FB}.AppStore|ARM.Deploy.0 = Release|ARM
		{8FB72CDD-FDC8-4CC3-A004-E2A7BE4435FB}.AppStore|iPhone.ActiveCfg = Release|x64
		{8FB72CDD-FDC8-4CC3-A004-E2A7BE4435FB}.AppStore|iPhone.Build.0 = Release|x64
		{8FB72CDD-FDC8-4CC3-A004-E2A7BE4435FB}.AppStore|iPhone.Deploy.0 = Release|x64
		{8FB72CDD-FDC8-4CC3-A004-E2A7BE4435FB}.AppStore|iPhoneSimulator.ActiveCfg = Release|x64
		{8FB72CDD-FDC8-4CC3-A004-E2A7BE4435FB}.AppStore|iPhoneSimulator.Build.0 = Release|x64
		{8FB72CDD-FDC8-4CC3-A004-E2A7BE4435FB}.AppStore|iPhoneSimulator.Deploy.0 = Release|x64
		{8FB72CDD-FDC8-4CC3-A004-E2A7BE4435FB}.AppStore|x64.ActiveCfg = Release|x64
		{8FB72CDD-FDC8-4CC3-A004-E2A7BE4435FB}.AppStore|x64.Build.0 = Release|x64
		{8FB72CDD-FDC8-4CC3-A004-E2A7BE4435FB}.AppStore|x64.Deploy.0 = Release|x64
		{8FB72CDD-FDC8-4CC3-A004-E2A7BE4435FB}.AppStore|x86.ActiveCfg = Release|x86
		{8FB72CDD-FDC8-4CC3-A004-E2A7BE4435FB}.AppStore|x86.Build.0 = Release|x86
		{8FB72CDD-FDC8-4CC3-A004-E2A7BE4435FB}.AppStore|x86.Deploy.0 = Release|x86
		{8FB72CDD-FDC8-4CC3-A004-E2A7BE4435FB}.Debug|Any CPU.ActiveCfg = Debug|x86
		{8FB72CDD-FDC8-4CC3-A004-E2A7BE4435FB}.Debug|Any CPU.Build.0 = Debug|x86
		{8FB72CDD-FDC8-4CC3-A004-E2A7BE4435FB}.Debug|Any CPU.Deploy.0 = Debug|x86
		{8FB72CDD-FDC8-4CC3-A004-E2A7BE4435FB}.Debug|ARM.ActiveCfg = Debug|ARM
		{8FB72CDD-FDC8-4CC3-A004-E2A7BE4435FB}.Debug|ARM.Build.0 = Debug|ARM
		{8FB72CDD-FDC8-4CC3-A004-E2A7BE4435FB}.Debug|ARM.Deploy.0 = Debug|ARM
		{8FB72CDD-FDC8-4CC3-A004-E2A7BE4435FB}.Debug|iPhone.ActiveCfg = Debug|x86
		{8FB72CDD-FDC8-4CC3-A004-E2A7BE4435FB}.Debug|iPhoneSimulator.ActiveCfg = Debug|x86
		{8FB72CDD-FDC8-4CC3-A004-E2A7BE4435FB}.Debug|x64.ActiveCfg = Debug|x64
		{8FB72CDD-FDC8-4CC3-A004-E2A7BE4435FB}.Debug|x64.Build.0 = Debug|x64
		{8FB72CDD-FDC8-4CC3-A004-E2A7BE4435FB}.Debug|x64.Deploy.0 = Debug|x64
		{8FB72CDD-FDC8-4CC3-A004-E2A7BE4435FB}.Debug|x86.ActiveCfg = Debug|x86
		{8FB72CDD-FDC8-4CC3-A004-E2A7BE4435FB}.Debug|x86.Build.0 = Debug|x86
		{8FB72CDD-FDC8-4CC3-A004-E2A7BE4435FB}.Debug|x86.Deploy.0 = Debug|x86
		{8FB72CDD-FDC8-4CC3-A004-E2A7BE4435FB}.Release|Any CPU.ActiveCfg = Release|x86
		{8FB72CDD-FDC8-4CC3-A004-E2A7BE4435FB}.Release|ARM.ActiveCfg = Release|ARM
		{8FB72CDD-FDC8-4CC3-A004-E2A7BE4435FB}.Release|ARM.Build.0 = Release|ARM
		{8FB72CDD-FDC8-4CC3-A004-E2A7BE4435FB}.Release|ARM.Deploy.0 = Release|ARM
		{8FB72CDD-FDC8-4CC3-A004-E2A7BE4435FB}.Release|iPhone.ActiveCfg = Release|x86
		{8FB72CDD-FDC8-4CC3-A004-E2A7BE4435FB}.Release|iPhoneSimulator.ActiveCfg = Release|x86
		{8FB72CDD-FDC8-4CC3-A004-E2A7BE4435FB}.Release|x64.ActiveCfg = Release|x64
		{8FB72CDD-FDC8-4CC3-A004-E2A7BE4435FB}.Release|x64.Build.0 = Release|x64
		{8FB72CDD-FDC8-4CC3-A004-E2A7BE4435FB}.Release|x64.Deploy.0 = Release|x64
		{8FB72CDD-FDC8-4CC3-A004-E2A7BE4435FB}.Release|x86.ActiveCfg = Release|x86
		{8FB72CDD-FDC8-4CC3-A004-E2A7BE4435FB}.Release|x86.Build.0 = Release|x86
		{8FB72CDD-FDC8-4CC3-A004-E2A7BE4435FB}.Release|x86.Deploy.0 = Release|x86
		{A4370651-CD9A-4844-A5C4-B72151244B8E}.Ad-Hoc|Any CPU.ActiveCfg = Release|Any CPU
		{A4370651-CD9A-4844-A5C4-B72151244B8E}.Ad-Hoc|Any CPU.Build.0 = Release|Any CPU
		{A4370651-CD9A-4844-A5C4-B72151244B8E}.Ad-Hoc|ARM.ActiveCfg = Release|Any CPU
		{A4370651-CD9A-4844-A5C4-B72151244B8E}.Ad-Hoc|ARM.Build.0 = Release|Any CPU
		{A4370651-CD9A-4844-A5C4-B72151244B8E}.Ad-Hoc|iPhone.ActiveCfg = Release|Any CPU
		{A4370651-CD9A-4844-A5C4-B72151244B8E}.Ad-Hoc|iPhone.Build.0 = Release|Any CPU
		{A4370651-CD9A-4844-A5C4-B72151244B8E}.Ad-Hoc|iPhoneSimulator.ActiveCfg = Release|Any CPU
		{A4370651-CD9A-4844-A5C4-B72151244B8E}.Ad-Hoc|iPhoneSimulator.Build.0 = Release|Any CPU
		{A4370651-CD9A-4844-A5C4-B72151244B8E}.Ad-Hoc|x64.ActiveCfg = Release|Any CPU
		{A4370651-CD9A-4844-A5C4-B72151244B8E}.Ad-Hoc|x64.Build.0 = Release|Any CPU
		{A4370651-CD9A-4844-A5C4-B72151244B8E}.Ad-Hoc|x86.ActiveCfg = Release|Any CPU
		{A4370651-CD9A-4844-A5C4-B72151244B8E}.Ad-Hoc|x86.Build.0 = Release|Any CPU
		{A4370651-CD9A-4844-A5C4-B72151244B8E}.AppStore|Any CPU.ActiveCfg = Release|Any CPU
		{A4370651-CD9A-4844-A5C4-B72151244B8E}.AppStore|Any CPU.Build.0 = Release|Any CPU
		{A4370651-CD9A-4844-A5C4-B72151244B8E}.AppStore|ARM.ActiveCfg = Release|Any CPU
		{A4370651-CD9A-4844-A5C4-B72151244B8E}.AppStore|ARM.Build.0 = Release|Any CPU
		{A4370651-CD9A-4844-A5C4-B72151244B8E}.AppStore|iPhone.ActiveCfg = Release|Any CPU
		{A4370651-CD9A-4844-A5C4-B72151244B8E}.AppStore|iPhone.Build.0 = Release|Any CPU
		{A4370651-CD9A-4844-A5C4-B72151244B8E}.AppStore|iPhoneSimulator.ActiveCfg = Release|Any CPU
		{A4370651-CD9A-4844-A5C4-B72151244B8E}.AppStore|iPhoneSimulator.Build.0 = Release|Any CPU
		{A4370651-CD9A-4844-A5C4-B72151244B8E}.AppStore|x64.ActiveCfg = Release|Any CPU
		{A4370651-CD9A-4844-A5C4-B72151244B8E}.AppStore|x64.Build.0 = Release|Any CPU
		{A4370651-CD9A-4844-A5C4-B72151244B8E}.AppStore|x86.ActiveCfg = Release|Any CPU
		{A4370651-CD9A-4844-A5C4-B72151244B8E}.AppStore|x86.Build.0 = Release|Any CPU
		{A4370651-CD9A-4844-A5C4-B72151244B8E}.Debug|Any CPU.ActiveCfg = Debug|Any CPU
		{A4370651-CD9A-4844-A5C4-B72151244B8E}.Debug|Any CPU.Build.0 = Debug|Any CPU
		{A4370651-CD9A-4844-A5C4-B72151244B8E}.Debug|ARM.ActiveCfg = Debug|Any CPU
		{A4370651-CD9A-4844-A5C4-B72151244B8E}.Debug|ARM.Build.0 = Debug|Any CPU
		{A4370651-CD9A-4844-A5C4-B72151244B8E}.Debug|iPhone.ActiveCfg = Debug|Any CPU
		{A4370651-CD9A-4844-A5C4-B72151244B8E}.Debug|iPhone.Build.0 = Debug|Any CPU
		{A4370651-CD9A-4844-A5C4-B72151244B8E}.Debug|iPhoneSimulator.ActiveCfg = Debug|Any CPU
		{A4370651-CD9A-4844-A5C4-B72151244B8E}.Debug|iPhoneSimulator.Build.0 = Debug|Any CPU
		{A4370651-CD9A-4844-A5C4-B72151244B8E}.Debug|x64.ActiveCfg = Debug|Any CPU
		{A4370651-CD9A-4844-A5C4-B72151244B8E}.Debug|x64.Build.0 = Debug|Any CPU
		{A4370651-CD9A-4844-A5C4-B72151244B8E}.Debug|x86.ActiveCfg = Debug|Any CPU
		{A4370651-CD9A-4844-A5C4-B72151244B8E}.Debug|x86.Build.0 = Debug|Any CPU
		{A4370651-CD9A-4844-A5C4-B72151244B8E}.Release|Any CPU.ActiveCfg = Release|Any CPU
		{A4370651-CD9A-4844-A5C4-B72151244B8E}.Release|Any CPU.Build.0 = Release|Any CPU
		{A4370651-CD9A-4844-A5C4-B72151244B8E}.Release|ARM.ActiveCfg = Release|Any CPU
		{A4370651-CD9A-4844-A5C4-B72151244B8E}.Release|ARM.Build.0 = Release|Any CPU
		{A4370651-CD9A-4844-A5C4-B72151244B8E}.Release|iPhone.ActiveCfg = Release|Any CPU
		{A4370651-CD9A-4844-A5C4-B72151244B8E}.Release|iPhone.Build.0 = Release|Any CPU
		{A4370651-CD9A-4844-A5C4-B72151244B8E}.Release|iPhoneSimulator.ActiveCfg = Release|Any CPU
		{A4370651-CD9A-4844-A5C4-B72151244B8E}.Release|iPhoneSimulator.Build.0 = Release|Any CPU
		{A4370651-CD9A-4844-A5C4-B72151244B8E}.Release|x64.ActiveCfg = Release|Any CPU
		{A4370651-CD9A-4844-A5C4-B72151244B8E}.Release|x64.Build.0 = Release|Any CPU
		{A4370651-CD9A-4844-A5C4-B72151244B8E}.Release|x86.ActiveCfg = Release|Any CPU
		{A4370651-CD9A-4844-A5C4-B72151244B8E}.Release|x86.Build.0 = Release|Any CPU
		{CAD21022-5776-4DC8-B209-CE13E090C54B}.Ad-Hoc|Any CPU.ActiveCfg = Release|Any CPU
		{CAD21022-5776-4DC8-B209-CE13E090C54B}.Ad-Hoc|Any CPU.Build.0 = Release|Any CPU
		{CAD21022-5776-4DC8-B209-CE13E090C54B}.Ad-Hoc|Any CPU.Deploy.0 = Release|Any CPU
		{CAD21022-5776-4DC8-B209-CE13E090C54B}.Ad-Hoc|ARM.ActiveCfg = Release|Any CPU
		{CAD21022-5776-4DC8-B209-CE13E090C54B}.Ad-Hoc|ARM.Build.0 = Release|Any CPU
		{CAD21022-5776-4DC8-B209-CE13E090C54B}.Ad-Hoc|ARM.Deploy.0 = Release|Any CPU
		{CAD21022-5776-4DC8-B209-CE13E090C54B}.Ad-Hoc|iPhone.ActiveCfg = Release|Any CPU
		{CAD21022-5776-4DC8-B209-CE13E090C54B}.Ad-Hoc|iPhone.Build.0 = Release|Any CPU
		{CAD21022-5776-4DC8-B209-CE13E090C54B}.Ad-Hoc|iPhone.Deploy.0 = Release|Any CPU
		{CAD21022-5776-4DC8-B209-CE13E090C54B}.Ad-Hoc|iPhoneSimulator.ActiveCfg = Release|Any CPU
		{CAD21022-5776-4DC8-B209-CE13E090C54B}.Ad-Hoc|iPhoneSimulator.Build.0 = Release|Any CPU
		{CAD21022-5776-4DC8-B209-CE13E090C54B}.Ad-Hoc|iPhoneSimulator.Deploy.0 = Release|Any CPU
		{CAD21022-5776-4DC8-B209-CE13E090C54B}.Ad-Hoc|x64.ActiveCfg = Release|Any CPU
		{CAD21022-5776-4DC8-B209-CE13E090C54B}.Ad-Hoc|x64.Build.0 = Release|Any CPU
		{CAD21022-5776-4DC8-B209-CE13E090C54B}.Ad-Hoc|x64.Deploy.0 = Release|Any CPU
		{CAD21022-5776-4DC8-B209-CE13E090C54B}.Ad-Hoc|x86.ActiveCfg = Release|Any CPU
		{CAD21022-5776-4DC8-B209-CE13E090C54B}.Ad-Hoc|x86.Build.0 = Release|Any CPU
		{CAD21022-5776-4DC8-B209-CE13E090C54B}.Ad-Hoc|x86.Deploy.0 = Release|Any CPU
		{CAD21022-5776-4DC8-B209-CE13E090C54B}.AppStore|Any CPU.ActiveCfg = Release|Any CPU
		{CAD21022-5776-4DC8-B209-CE13E090C54B}.AppStore|Any CPU.Build.0 = Release|Any CPU
		{CAD21022-5776-4DC8-B209-CE13E090C54B}.AppStore|Any CPU.Deploy.0 = Release|Any CPU
		{CAD21022-5776-4DC8-B209-CE13E090C54B}.AppStore|ARM.ActiveCfg = Release|Any CPU
		{CAD21022-5776-4DC8-B209-CE13E090C54B}.AppStore|ARM.Build.0 = Release|Any CPU
		{CAD21022-5776-4DC8-B209-CE13E090C54B}.AppStore|ARM.Deploy.0 = Release|Any CPU
		{CAD21022-5776-4DC8-B209-CE13E090C54B}.AppStore|iPhone.ActiveCfg = Release|Any CPU
		{CAD21022-5776-4DC8-B209-CE13E090C54B}.AppStore|iPhone.Build.0 = Release|Any CPU
		{CAD21022-5776-4DC8-B209-CE13E090C54B}.AppStore|iPhone.Deploy.0 = Release|Any CPU
		{CAD21022-5776-4DC8-B209-CE13E090C54B}.AppStore|iPhoneSimulator.ActiveCfg = Release|Any CPU
		{CAD21022-5776-4DC8-B209-CE13E090C54B}.AppStore|iPhoneSimulator.Build.0 = Release|Any CPU
		{CAD21022-5776-4DC8-B209-CE13E090C54B}.AppStore|iPhoneSimulator.Deploy.0 = Release|Any CPU
		{CAD21022-5776-4DC8-B209-CE13E090C54B}.AppStore|x64.ActiveCfg = Release|Any CPU
		{CAD21022-5776-4DC8-B209-CE13E090C54B}.AppStore|x64.Build.0 = Release|Any CPU
		{CAD21022-5776-4DC8-B209-CE13E090C54B}.AppStore|x64.Deploy.0 = Release|Any CPU
		{CAD21022-5776-4DC8-B209-CE13E090C54B}.AppStore|x86.ActiveCfg = Release|Any CPU
		{CAD21022-5776-4DC8-B209-CE13E090C54B}.AppStore|x86.Build.0 = Release|Any CPU
		{CAD21022-5776-4DC8-B209-CE13E090C54B}.AppStore|x86.Deploy.0 = Release|Any CPU
		{CAD21022-5776-4DC8-B209-CE13E090C54B}.Debug|Any CPU.ActiveCfg = Debug|Any CPU
		{CAD21022-5776-4DC8-B209-CE13E090C54B}.Debug|Any CPU.Build.0 = Debug|Any CPU
		{CAD21022-5776-4DC8-B209-CE13E090C54B}.Debug|Any CPU.Deploy.0 = Debug|Any CPU
		{CAD21022-5776-4DC8-B209-CE13E090C54B}.Debug|ARM.ActiveCfg = Debug|Any CPU
		{CAD21022-5776-4DC8-B209-CE13E090C54B}.Debug|ARM.Build.0 = Debug|Any CPU
		{CAD21022-5776-4DC8-B209-CE13E090C54B}.Debug|ARM.Deploy.0 = Debug|Any CPU
		{CAD21022-5776-4DC8-B209-CE13E090C54B}.Debug|iPhone.ActiveCfg = Debug|Any CPU
		{CAD21022-5776-4DC8-B209-CE13E090C54B}.Debug|iPhone.Build.0 = Debug|Any CPU
		{CAD21022-5776-4DC8-B209-CE13E090C54B}.Debug|iPhone.Deploy.0 = Debug|Any CPU
		{CAD21022-5776-4DC8-B209-CE13E090C54B}.Debug|iPhoneSimulator.ActiveCfg = Debug|Any CPU
		{CAD21022-5776-4DC8-B209-CE13E090C54B}.Debug|iPhoneSimulator.Build.0 = Debug|Any CPU
		{CAD21022-5776-4DC8-B209-CE13E090C54B}.Debug|iPhoneSimulator.Deploy.0 = Debug|Any CPU
		{CAD21022-5776-4DC8-B209-CE13E090C54B}.Debug|x64.ActiveCfg = Debug|Any CPU
		{CAD21022-5776-4DC8-B209-CE13E090C54B}.Debug|x64.Build.0 = Debug|Any CPU
		{CAD21022-5776-4DC8-B209-CE13E090C54B}.Debug|x64.Deploy.0 = Debug|Any CPU
		{CAD21022-5776-4DC8-B209-CE13E090C54B}.Debug|x86.ActiveCfg = Debug|Any CPU
		{CAD21022-5776-4DC8-B209-CE13E090C54B}.Debug|x86.Build.0 = Debug|Any CPU
		{CAD21022-5776-4DC8-B209-CE13E090C54B}.Debug|x86.Deploy.0 = Debug|Any CPU
		{CAD21022-5776-4DC8-B209-CE13E090C54B}.Release|Any CPU.ActiveCfg = Release|Any CPU
		{CAD21022-5776-4DC8-B209-CE13E090C54B}.Release|Any CPU.Build.0 = Release|Any CPU
		{CAD21022-5776-4DC8-B209-CE13E090C54B}.Release|Any CPU.Deploy.0 = Release|Any CPU
		{CAD21022-5776-4DC8-B209-CE13E090C54B}.Release|ARM.ActiveCfg = Release|Any CPU
		{CAD21022-5776-4DC8-B209-CE13E090C54B}.Release|ARM.Build.0 = Release|Any CPU
		{CAD21022-5776-4DC8-B209-CE13E090C54B}.Release|ARM.Deploy.0 = Release|Any CPU
		{CAD21022-5776-4DC8-B209-CE13E090C54B}.Release|iPhone.ActiveCfg = Release|Any CPU
		{CAD21022-5776-4DC8-B209-CE13E090C54B}.Release|iPhone.Build.0 = Release|Any CPU
		{CAD21022-5776-4DC8-B209-CE13E090C54B}.Release|iPhone.Deploy.0 = Release|Any CPU
		{CAD21022-5776-4DC8-B209-CE13E090C54B}.Release|iPhoneSimulator.ActiveCfg = Release|Any CPU
		{CAD21022-5776-4DC8-B209-CE13E090C54B}.Release|iPhoneSimulator.Build.0 = Release|Any CPU
		{CAD21022-5776-4DC8-B209-CE13E090C54B}.Release|iPhoneSimulator.Deploy.0 = Release|Any CPU
		{CAD21022-5776-4DC8-B209-CE13E090C54B}.Release|x64.ActiveCfg = Release|Any CPU
		{CAD21022-5776-4DC8-B209-CE13E090C54B}.Release|x64.Build.0 = Release|Any CPU
		{CAD21022-5776-4DC8-B209-CE13E090C54B}.Release|x64.Deploy.0 = Release|Any CPU
		{CAD21022-5776-4DC8-B209-CE13E090C54B}.Release|x86.ActiveCfg = Release|Any CPU
		{CAD21022-5776-4DC8-B209-CE13E090C54B}.Release|x86.Build.0 = Release|Any CPU
		{CAD21022-5776-4DC8-B209-CE13E090C54B}.Release|x86.Deploy.0 = Release|Any CPU
		{E70D51CB-EB69-4B6E-AECF-5B1DBBA78AD5}.Ad-Hoc|Any CPU.ActiveCfg = Ad-Hoc|iPhone
		{E70D51CB-EB69-4B6E-AECF-5B1DBBA78AD5}.Ad-Hoc|ARM.ActiveCfg = Ad-Hoc|iPhone
		{E70D51CB-EB69-4B6E-AECF-5B1DBBA78AD5}.Ad-Hoc|iPhone.ActiveCfg = Ad-Hoc|iPhone
		{E70D51CB-EB69-4B6E-AECF-5B1DBBA78AD5}.Ad-Hoc|iPhone.Build.0 = Ad-Hoc|iPhone
		{E70D51CB-EB69-4B6E-AECF-5B1DBBA78AD5}.Ad-Hoc|iPhoneSimulator.ActiveCfg = Ad-Hoc|iPhoneSimulator
		{E70D51CB-EB69-4B6E-AECF-5B1DBBA78AD5}.Ad-Hoc|iPhoneSimulator.Build.0 = Ad-Hoc|iPhoneSimulator
		{E70D51CB-EB69-4B6E-AECF-5B1DBBA78AD5}.Ad-Hoc|x64.ActiveCfg = Ad-Hoc|iPhone
		{E70D51CB-EB69-4B6E-AECF-5B1DBBA78AD5}.Ad-Hoc|x86.ActiveCfg = Ad-Hoc|iPhone
		{E70D51CB-EB69-4B6E-AECF-5B1DBBA78AD5}.AppStore|Any CPU.ActiveCfg = AppStore|iPhone
		{E70D51CB-EB69-4B6E-AECF-5B1DBBA78AD5}.AppStore|ARM.ActiveCfg = AppStore|iPhone
		{E70D51CB-EB69-4B6E-AECF-5B1DBBA78AD5}.AppStore|iPhone.ActiveCfg = AppStore|iPhone
		{E70D51CB-EB69-4B6E-AECF-5B1DBBA78AD5}.AppStore|iPhone.Build.0 = AppStore|iPhone
		{E70D51CB-EB69-4B6E-AECF-5B1DBBA78AD5}.AppStore|iPhoneSimulator.ActiveCfg = AppStore|iPhoneSimulator
		{E70D51CB-EB69-4B6E-AECF-5B1DBBA78AD5}.AppStore|iPhoneSimulator.Build.0 = AppStore|iPhoneSimulator
		{E70D51CB-EB69-4B6E-AECF-5B1DBBA78AD5}.AppStore|x64.ActiveCfg = AppStore|iPhone
		{E70D51CB-EB69-4B6E-AECF-5B1DBBA78AD5}.AppStore|x86.ActiveCfg = AppStore|iPhone
		{E70D51CB-EB69-4B6E-AECF-5B1DBBA78AD5}.Debug|Any CPU.ActiveCfg = Debug|iPhone
		{E70D51CB-EB69-4B6E-AECF-5B1DBBA78AD5}.Debug|Any CPU.Build.0 = Debug|iPhone
		{E70D51CB-EB69-4B6E-AECF-5B1DBBA78AD5}.Debug|Any CPU.Deploy.0 = Debug|iPhone
		{E70D51CB-EB69-4B6E-AECF-5B1DBBA78AD5}.Debug|ARM.ActiveCfg = Debug|iPhone
		{E70D51CB-EB69-4B6E-AECF-5B1DBBA78AD5}.Debug|iPhone.ActiveCfg = Debug|iPhone
		{E70D51CB-EB69-4B6E-AECF-5B1DBBA78AD5}.Debug|iPhone.Build.0 = Debug|iPhone
		{E70D51CB-EB69-4B6E-AECF-5B1DBBA78AD5}.Debug|iPhoneSimulator.ActiveCfg = Debug|iPhoneSimulator
		{E70D51CB-EB69-4B6E-AECF-5B1DBBA78AD5}.Debug|iPhoneSimulator.Build.0 = Debug|iPhoneSimulator
		{E70D51CB-EB69-4B6E-AECF-5B1DBBA78AD5}.Debug|x64.ActiveCfg = Debug|iPhone
		{E70D51CB-EB69-4B6E-AECF-5B1DBBA78AD5}.Debug|x86.ActiveCfg = Debug|iPhone
		{E70D51CB-EB69-4B6E-AECF-5B1DBBA78AD5}.Release|Any CPU.ActiveCfg = Release|iPhone
		{E70D51CB-EB69-4B6E-AECF-5B1DBBA78AD5}.Release|ARM.ActiveCfg = Release|iPhone
		{E70D51CB-EB69-4B6E-AECF-5B1DBBA78AD5}.Release|iPhone.ActiveCfg = Release|iPhone
		{E70D51CB-EB69-4B6E-AECF-5B1DBBA78AD5}.Release|iPhone.Build.0 = Release|iPhone
		{E70D51CB-EB69-4B6E-AECF-5B1DBBA78AD5}.Release|iPhoneSimulator.ActiveCfg = Release|iPhoneSimulator
		{E70D51CB-EB69-4B6E-AECF-5B1DBBA78AD5}.Release|iPhoneSimulator.Build.0 = Release|iPhoneSimulator
		{E70D51CB-EB69-4B6E-AECF-5B1DBBA78AD5}.Release|x64.ActiveCfg = Release|iPhone
		{E70D51CB-EB69-4B6E-AECF-5B1DBBA78AD5}.Release|x86.ActiveCfg = Release|iPhone
	EndGlobalSection
	GlobalSection(SolutionProperties) = preSolution
		HideSolutionNode = FALSE
	EndGlobalSection
EndGlobal
